
Microsoft Visual Studio Solution File, Format Version 12.00
# Visual Studio Express 14 for Web
VisualStudioVersion = 14.0.24720.0
MinimumVisualStudioVersion = 10.0.40219.1
Project("{FAE04EC0-301F-11D3-BF4B-00C04F79EFBC}") = "Crawler", "Crawler\Crawler.csproj", "{DDA64AB7-6501-497A-83E7-30F4609AA74F}"
EndProject
Project("{2150E333-8FDC-42A3-9474-1A3956D46DE8}") = "PublishScripts", "PublishScripts", "{30C9F83C-5C05-4C91-80D2-367C1381EB78}"
EndProject
Project("{2150E333-8FDC-42A3-9474-1A3956D46DE8}") = "Scripts", "Scripts", "{3F6C838C-B29C-463C-9F02-55AA7549D7E6}"
	ProjectSection(SolutionItems) = preProject
		PublishScripts\Scripts\Deploy-AzureResourceGroup.ps1 = PublishScripts\Scripts\Deploy-AzureResourceGroup.ps1
	EndProjectSection
EndProject
Project("{2150E333-8FDC-42A3-9474-1A3956D46DE8}") = "Templates", "Templates", "{6F00E256-8CC4-43B9-9340-4E0B489FC57F}"
	ProjectSection(SolutionItems) = preProject
		PublishScripts\Templates\Crawler.json = PublishScripts\Templates\Crawler.json
		PublishScripts\Templates\Crawler.param.dev.json = PublishScripts\Templates\Crawler.param.dev.json
	EndProjectSection
EndProject
Global
	GlobalSection(SolutionConfigurationPlatforms) = preSolution
		Debug|Any CPU = Debug|Any CPU
		Release|Any CPU = Release|Any CPU
	EndGlobalSection
	GlobalSection(ProjectConfigurationPlatforms) = postSolution
		{DDA64AB7-6501-497A-83E7-30F4609AA74F}.Debug|Any CPU.ActiveCfg = Debug|Any CPU
		{DDA64AB7-6501-497A-83E7-30F4609AA74F}.Debug|Any CPU.Build.0 = Debug|Any CPU
		{DDA64AB7-6501-497A-83E7-30F4609AA74F}.Release|Any CPU.ActiveCfg = Release|Any CPU
		{DDA64AB7-6501-497A-83E7-30F4609AA74F}.Release|Any CPU.Build.0 = Release|Any CPU
	EndGlobalSection
	GlobalSection(SolutionProperties) = preSolution
		HideSolutionNode = FALSE
	EndGlobalSection
	GlobalSection(NestedProjects) = preSolution
		{3F6C838C-B29C-463C-9F02-55AA7549D7E6} = {30C9F83C-5C05-4C91-80D2-367C1381EB78}
		{6F00E256-8CC4-43B9-9340-4E0B489FC57F} = {30C9F83C-5C05-4C91-80D2-367C1381EB78}
	EndGlobalSection
EndGlobal
