
Microsoft Visual Studio Solution File, Format Version 12.00
# Visual Studio Express 14 for Web
VisualStudioVersion = 14.0.24720.0
MinimumVisualStudioVersion = 10.0.40219.1
Project("{FAE04EC0-301F-11D3-BF4B-00C04F79EFBC}") = "FacebookCrawler", "FacebookCrawler\FacebookCrawler.csproj", "{16E41DBB-7174-4D7F-9371-8259B7E37909}"
EndProject
Global
	GlobalSection(SolutionConfigurationPlatforms) = preSolution
		Debug|Any CPU = Debug|Any CPU
		Release|Any CPU = Release|Any CPU
	EndGlobalSection
	GlobalSection(ProjectConfigurationPlatforms) = postSolution
		{16E41DBB-7174-4D7F-9371-8259B7E37909}.Debug|Any CPU.ActiveCfg = Debug|Any CPU
		{16E41DBB-7174-4D7F-9371-8259B7E37909}.Debug|Any CPU.Build.0 = Debug|Any CPU
		{16E41DBB-7174-4D7F-9371-8259B7E37909}.Release|Any CPU.ActiveCfg = Release|Any CPU
		{16E41DBB-7174-4D7F-9371-8259B7E37909}.Release|Any CPU.Build.0 = Release|Any CPU
	EndGlobalSection
	GlobalSection(SolutionProperties) = preSolution
		HideSolutionNode = FALSE
	EndGlobalSection
EndGlobal
